// !$*UTF8*$!
{
	archiveVersion = 1;
	classes = {
	};
	objectVersion = 48;
	objects = {

/* Begin PBXBuildFile section */
		428D6A362248C3B300B3BF44 /* AppDelegate.m in Sources */ = {isa = PBXBuildFile; fileRef = 428D6A352248C3B300B3BF44 /* AppDelegate.m */; };
		428D6A392248C3B300B3BF44 /* ViewController.m in Sources */ = {isa = PBXBuildFile; fileRef = 428D6A382248C3B300B3BF44 /* ViewController.m */; };
		428D6A3C2248C3B300B3BF44 /* Main.storyboard in Resources */ = {isa = PBXBuildFile; fileRef = 428D6A3A2248C3B300B3BF44 /* Main.storyboard */; };
		428D6A3E2248C3B300B3BF44 /* Assets.xcassets in Resources */ = {isa = PBXBuildFile; fileRef = 428D6A3D2248C3B300B3BF44 /* Assets.xcassets */; };
		428D6A412248C3B300B3BF44 /* LaunchScreen.storyboard in Resources */ = {isa = PBXBuildFile; fileRef = 428D6A3F2248C3B300B3BF44 /* LaunchScreen.storyboard */; };
		428D6A442248C3B300B3BF44 /* main.m in Sources */ = {isa = PBXBuildFile; fileRef = 428D6A432248C3B300B3BF44 /* main.m */; };
		428D6A4D2248C41D00B3BF44 /* CQAlertView.m in Sources */ = {isa = PBXBuildFile; fileRef = 428D6A4C2248C41D00B3BF44 /* CQAlertView.m */; };
		EE4DF459F0737599523A14F4 /* libPods-CQAlertView.a in Frameworks */ = {isa = PBXBuildFile; fileRef = D5CA37F9617EF62A64D0121E /* libPods-CQAlertView.a */; };
/* End PBXBuildFile section */

/* Begin PBXFileReference section */
		428D6A312248C3B300B3BF44 /* CQAlertView.app */ = {isa = PBXFileReference; explicitFileType = wrapper.application; includeInIndex = 0; path = CQAlertView.app; sourceTree = BUILT_PRODUCTS_DIR; };
		428D6A342248C3B300B3BF44 /* AppDelegate.h */ = {isa = PBXFileReference; lastKnownFileType = sourcecode.c.h; path = AppDelegate.h; sourceTree = "<group>"; };
		428D6A352248C3B300B3BF44 /* AppDelegate.m */ = {isa = PBXFileReference; lastKnownFileType = sourcecode.c.objc; path = AppDelegate.m; sourceTree = "<group>"; };
		428D6A372248C3B300B3BF44 /* ViewController.h */ = {isa = PBXFileReference; lastKnownFileType = sourcecode.c.h; path = ViewController.h; sourceTree = "<group>"; };
		428D6A382248C3B300B3BF44 /* ViewController.m */ = {isa = PBXFileReference; lastKnownFileType = sourcecode.c.objc; path = ViewController.m; sourceTree = "<group>"; };
		428D6A3B2248C3B300B3BF44 /* Base */ = {isa = PBXFileReference; lastKnownFileType = file.storyboard; name = Base; path = Base.lproj/Main.storyboard; sourceTree = "<group>"; };
		428D6A3D2248C3B300B3BF44 /* Assets.xcassets */ = {isa = PBXFileReference; lastKnownFileType = folder.assetcatalog; path = Assets.xcassets; sourceTree = "<group>"; };
		428D6A402248C3B300B3BF44 /* Base */ = {isa = PBXFileReference; lastKnownFileType = file.storyboard; name = Base; path = Base.lproj/LaunchScreen.storyboard; sourceTree = "<group>"; };
		428D6A422248C3B300B3BF44 /* Info.plist */ = {isa = PBXFileReference; lastKnownFileType = text.plist.xml; path = Info.plist; sourceTree = "<group>"; };
		428D6A432248C3B300B3BF44 /* main.m */ = {isa = PBXFileReference; lastKnownFileType = sourcecode.c.objc; path = main.m; sourceTree = "<group>"; };
		428D6A4B2248C41D00B3BF44 /* CQAlertView.h */ = {isa = PBXFileReference; fileEncoding = 4; lastKnownFileType = sourcecode.c.h; path = CQAlertView.h; sourceTree = "<group>"; };
		428D6A4C2248C41D00B3BF44 /* CQAlertView.m */ = {isa = PBXFileReference; fileEncoding = 4; lastKnownFileType = sourcecode.c.objc; path = CQAlertView.m; sourceTree = "<group>"; };
		67B38CF802A3E30188118247 /* Pods-CQAlertView.debug.xcconfig */ = {isa = PBXFileReference; includeInIndex = 1; lastKnownFileType = text.xcconfig; name = "Pods-CQAlertView.debug.xcconfig"; path = "Pods/Target Support Files/Pods-CQAlertView/Pods-CQAlertView.debug.xcconfig"; sourceTree = "<group>"; };
		D5CA37F9617EF62A64D0121E /* libPods-CQAlertView.a */ = {isa = PBXFileReference; explicitFileType = archive.ar; includeInIndex = 0; path = "libPods-CQAlertView.a"; sourceTree = BUILT_PRODUCTS_DIR; };
		EC69F44CCBCFC4C3A64DB2ED /* Pods-CQAlertView.release.xcconfig */ = {isa = PBXFileReference; includeInIndex = 1; lastKnownFileType = text.xcconfig; name = "Pods-CQAlertView.release.xcconfig"; path = "Pods/Target Support Files/Pods-CQAlertView/Pods-CQAlertView.release.xcconfig"; sourceTree = "<group>"; };
/* End PBXFileReference section */

/* Begin PBXFrameworksBuildPhase section */
		428D6A2E2248C3B300B3BF44 /* Frameworks */ = {
			isa = PBXFrameworksBuildPhase;
			buildActionMask = 2147483647;
			files = (
				EE4DF459F0737599523A14F4 /* libPods-CQAlertView.a in Frameworks */,
			);
			runOnlyForDeploymentPostprocessing = 0;
		};
/* End PBXFrameworksBuildPhase section */

/* Begin PBXGroup section */
		3BD680A8E4303F5155800E50 /* Frameworks */ = {
			isa = PBXGroup;
			children = (
				D5CA37F9617EF62A64D0121E /* libPods-CQAlertView.a */,
			);
			name = Frameworks;
			sourceTree = "<group>";
		};
		428D6A282248C3B300B3BF44 = {
			isa = PBXGroup;
			children = (
				428D6A332248C3B300B3BF44 /* CQAlertView */,
				428D6A322248C3B300B3BF44 /* Products */,
				B942C1E05A6DB9230EBC448F /* Pods */,
				3BD680A8E4303F5155800E50 /* Frameworks */,
			);
			sourceTree = "<group>";
		};
		428D6A322248C3B300B3BF44 /* Products */ = {
			isa = PBXGroup;
			children = (
				428D6A312248C3B300B3BF44 /* CQAlertView.app */,
			);
			name = Products;
			sourceTree = "<group>";
		};
		428D6A332248C3B300B3BF44 /* CQAlertView */ = {
			isa = PBXGroup;
			children = (
				428D6A4A2248C41D00B3BF44 /* CQAlertView */,
				428D6A342248C3B300B3BF44 /* AppDelegate.h */,
				428D6A352248C3B300B3BF44 /* AppDelegate.m */,
				428D6A372248C3B300B3BF44 /* ViewController.h */,
				428D6A382248C3B300B3BF44 /* ViewController.m */,
				428D6A3A2248C3B300B3BF44 /* Main.storyboard */,
				428D6A3D2248C3B300B3BF44 /* Assets.xcassets */,
				428D6A3F2248C3B300B3BF44 /* LaunchScreen.storyboard */,
				428D6A422248C3B300B3BF44 /* Info.plist */,
				428D6A432248C3B300B3BF44 /* main.m */,
			);
			path = CQAlertView;
			sourceTree = "<group>";
		};
		428D6A4A2248C41D00B3BF44 /* CQAlertView */ = {
			isa = PBXGroup;
			children = (
				428D6A4B2248C41D00B3BF44 /* CQAlertView.h */,
				428D6A4C2248C41D00B3BF44 /* CQAlertView.m */,
			);
			path = CQAlertView;
			sourceTree = "<group>";
		};
		B942C1E05A6DB9230EBC448F /* Pods */ = {
			isa = PBXGroup;
			children = (
				67B38CF802A3E30188118247 /* Pods-CQAlertView.debug.xcconfig */,
				EC69F44CCBCFC4C3A64DB2ED /* Pods-CQAlertView.release.xcconfig */,
			);
			name = Pods;
			sourceTree = "<group>";
		};
/* End PBXGroup section */

/* Begin PBXNativeTarget section */
		428D6A302248C3B300B3BF44 /* CQAlertView */ = {
			isa = PBXNativeTarget;
			buildConfigurationList = 428D6A472248C3B300B3BF44 /* Build configuration list for PBXNativeTarget "CQAlertView" */;
			buildPhases = (
				41B2F29365BDBA07ACC72A27 /* [CP] Check Pods Manifest.lock */,
				428D6A2D2248C3B300B3BF44 /* Sources */,
				428D6A2E2248C3B300B3BF44 /* Frameworks */,
				428D6A2F2248C3B300B3BF44 /* Resources */,
			);
			buildRules = (
			);
			dependencies = (
			);
			name = CQAlertView;
			productName = CQAlertView;
			productReference = 428D6A312248C3B300B3BF44 /* CQAlertView.app */;
			productType = "com.apple.product-type.application";
		};
/* End PBXNativeTarget section */

/* Begin PBXProject section */
		428D6A292248C3B300B3BF44 /* Project object */ = {
			isa = PBXProject;
			attributes = {
				LastUpgradeCheck = 0920;
				ORGANIZATIONNAME = CQ;
				TargetAttributes = {
					428D6A302248C3B300B3BF44 = {
						CreatedOnToolsVersion = 9.2;
						ProvisioningStyle = Automatic;
					};
				};
			};
			buildConfigurationList = 428D6A2C2248C3B300B3BF44 /* Build configuration list for PBXProject "CQAlertView" */;
			compatibilityVersion = "Xcode 8.0";
			developmentRegion = en;
			hasScannedForEncodings = 0;
			knownRegions = (
				en,
				Base,
			);
			mainGroup = 428D6A282248C3B300B3BF44;
			productRefGroup = 428D6A322248C3B300B3BF44 /* Products */;
			projectDirPath = "";
			projectRoot = "";
			targets = (
				428D6A302248C3B300B3BF44 /* CQAlertView */,
			);
		};
/* End PBXProject section */

/* Begin PBXResourcesBuildPhase section */
		428D6A2F2248C3B300B3BF44 /* Resources */ = {
			isa = PBXResourcesBuildPhase;
			buildActionMask = 2147483647;
			files = (
				428D6A412248C3B300B3BF44 /* LaunchScreen.storyboard in Resources */,
				428D6A3E2248C3B300B3BF44 /* Assets.xcassets in Resources */,
				428D6A3C2248C3B300B3BF44 /* Main.storyboard in Resources */,
			);
			runOnlyForDeploymentPostprocessing = 0;
		};
/* End PBXResourcesBuildPhase section */

/* Begin PBXShellScriptBuildPhase section */
		41B2F29365BDBA07ACC72A27 /* [CP] Check Pods Manifest.lock */ = {
			isa = PBXShellScriptBuildPhase;
			buildActionMask = 2147483647;
			files = (
			);
			inputPaths = (
				"${PODS_PODFILE_DIR_PATH}/Podfile.lock",
				"${PODS_ROOT}/Manifest.lock",
			);
			name = "[CP] Check Pods Manifest.lock";
			outputPaths = (
				"$(DERIVED_FILE_DIR)/Pods-CQAlertView-checkManifestLockResult.txt",
			);
			runOnlyForDeploymentPostprocessing = 0;
			shellPath = /bin/sh;
			shellScript = "diff \"${PODS_PODFILE_DIR_PATH}/Podfile.lock\" \"${PODS_ROOT}/Manifest.lock\" > /dev/null\nif [ $? != 0 ] ; then\n    # print error to STDERR\n    echo \"error: The sandbox is not in sync with the Podfile.lock. Run 'pod install' or update your CocoaPods installation.\" >&2\n    exit 1\nfi\n# This output is used by Xcode 'outputs' to avoid re-running this script phase.\necho \"SUCCESS\" > \"${SCRIPT_OUTPUT_FILE_0}\"\n";
			showEnvVarsInLog = 0;
		};
/* End PBXShellScriptBuildPhase section */

/* Begin PBXSourcesBuildPhase section */
		428D6A2D2248C3B300B3BF44 /* Sources */ = {
			isa = PBXSourcesBuildPhase;
			buildActionMask = 2147483647;
			files = (
				428D6A392248C3B300B3BF44 /* ViewController.m in Sources */,
				428D6A442248C3B300B3BF44 /* main.m in Sources */,
				428D6A362248C3B300B3BF44 /* AppDelegate.m in Sources */,
				428D6A4D2248C41D00B3BF44 /* CQAlertView.m in Sources */,
			);
			runOnlyForDeploymentPostprocessing = 0;
		};
/* End PBXSourcesBuildPhase section */

/* Begin PBXVariantGroup section */
		428D6A3A2248C3B300B3BF44 /* Main.storyboard */ = {
			isa = PBXVariantGroup;
			children = (
				428D6A3B2248C3B300B3BF44 /* Base */,
			);
			name = Main.storyboard;
			sourceTree = "<group>";
		};
		428D6A3F2248C3B300B3BF44 /* LaunchScreen.storyboard */ = {
			isa = PBXVariantGroup;
			children = (
				428D6A402248C3B300B3BF44 /* Base */,
			);
			name = LaunchScreen.storyboard;
			sourceTree = "<group>";
		};
/* End PBXVariantGroup section */

/* Begin XCBuildConfiguration section */
		428D6A452248C3B300B3BF44 /* Debug */ = {
			isa = XCBuildConfiguration;
			buildSettings = {
				ALWAYS_SEARCH_USER_PATHS = NO;
				CLANG_ANALYZER_NONNULL = YES;
				CLANG_ANALYZER_NUMBER_OBJECT_CONVERSION = YES_AGGRESSIVE;
				CLANG_CXX_LANGUAGE_STANDARD = "gnu++14";
				CLANG_CXX_LIBRARY = "libc++";
				CLANG_ENABLE_MODULES = YES;
				CLANG_ENABLE_OBJC_ARC = YES;
				CLANG_WARN_BLOCK_CAPTURE_AUTORELEASING = YES;
				CLANG_WARN_BOOL_CONVERSION = YES;
				CLANG_WARN_COMMA = YES;
				CLANG_WARN_CONSTANT_CONVERSION = YES;
				CLANG_WARN_DIRECT_OBJC_ISA_USAGE = YES_ERROR;
				CLANG_WARN_DOCUMENTATION_COMMENTS = YES;
				CLANG_WARN_EMPTY_BODY = YES;
				CLANG_WARN_ENUM_CONVERSION = YES;
				CLANG_WARN_INFINITE_RECURSION = YES;
				CLANG_WARN_INT_CONVERSION = YES;
				CLANG_WARN_NON_LITERAL_NULL_CONVERSION = YES;
				CLANG_WARN_OBJC_LITERAL_CONVERSION = YES;
				CLANG_WARN_OBJC_ROOT_CLASS = YES_ERROR;
				CLANG_WARN_RANGE_LOOP_ANALYSIS = YES;
				CLANG_WARN_STRICT_PROTOTYPES = YES;
				CLANG_WARN_SUSPICIOUS_MOVE = YES;
				CLANG_WARN_UNGUARDED_AVAILABILITY = YES_AGGRESSIVE;
				CLANG_WARN_UNREACHABLE_CODE = YES;
				CLANG_WARN__DUPLICATE_METHOD_MATCH = YES;
				CODE_SIGN_IDENTITY = "iPhone Developer";
				COPY_PHASE_STRIP = NO;
				DEBUG_INFORMATION_FORMAT = dwarf;
				ENABLE_STRICT_OBJC_MSGSEND = YES;
				ENABLE_TESTABILITY = YES;
				GCC_C_LANGUAGE_STANDARD = gnu11;
				GCC_DYNAMIC_NO_PIC = NO;
				GCC_NO_COMMON_BLOCKS = YES;
				GCC_OPTIMIZATION_LEVEL = 0;
				GCC_PREPROCESSOR_DEFINITIONS = (
					"DEBUG=1",
					"$(inherited)",
				);
				GCC_WARN_64_TO_32_BIT_CONVERSION = YES;
				GCC_WARN_ABOUT_RETURN_TYPE = YES_ERROR;
				GCC_WARN_UNDECLARED_SELECTOR = YES;
				GCC_WARN_UNINITIALIZED_AUTOS = YES_AGGRESSIVE;
				GCC_WARN_UNUSED_FUNCTION = YES;
				GCC_WARN_UNUSED_VARIABLE = YES;
				IPHONEOS_DEPLOYMENT_TARGET = 11.2;
				MTL_ENABLE_DEBUG_INFO = YES;
				ONLY_ACTIVE_ARCH = YES;
				SDKROOT = iphoneos;
			};
			name = Debug;
		};
		428D6A462248C3B300B3BF44 /* Release */ = {
			isa = XCBuildConfiguration;
			buildSettings = {
				ALWAYS_SEARCH_USER_PATHS = NO;
				CLANG_ANALYZER_NONNULL = YES;
				CLANG_ANALYZER_NUMBER_OBJECT_CONVERSION = YES_AGGRESSIVE;
				CLANG_CXX_LANGUAGE_STANDARD = "gnu++14";
				CLANG_CXX_LIBRARY = "libc++";
				CLANG_ENABLE_MODULES = YES;
				CLANG_ENABLE_OBJC_ARC = YES;
				CLANG_WARN_BLOCK_CAPTURE_AUTORELEASING = YES;
				CLANG_WARN_BOOL_CONVERSION = YES;
				CLANG_WARN_COMMA = YES;
				CLANG_WARN_CONSTANT_CONVERSION = YES;
				CLANG_WARN_DIRECT_OBJC_ISA_USAGE = YES_ERROR;
				CLANG_WARN_DOCUMENTATION_COMMENTS = YES;
				CLANG_WARN_EMPTY_BODY = YES;
				CLANG_WARN_ENUM_CONVERSION = YES;
				CLANG_WARN_INFINITE_RECURSION = YES;
				CLANG_WARN_INT_CONVERSION = YES;
				CLANG_WARN_NON_LITERAL_NULL_CONVERSION = YES;
				CLANG_WARN_OBJC_LITERAL_CONVERSION = YES;
				CLANG_WARN_OBJC_ROOT_CLASS = YES_ERROR;
				CLANG_WARN_RANGE_LOOP_ANALYSIS = YES;
				CLANG_WARN_STRICT_PROTOTYPES = YES;
				CLANG_WARN_SUSPICIOUS_MOVE = YES;
				CLANG_WARN_UNGUARDED_AVAILABILITY = YES_AGGRESSIVE;
				CLANG_WARN_UNREACHABLE_CODE = YES;
				CLANG_WARN__DUPLICATE_METHOD_MATCH = YES;
				CODE_SIGN_IDENTITY = "iPhone Developer";
				COPY_PHASE_STRIP = NO;
				DEBUG_INFORMATION_FORMAT = "dwarf-with-dsym";
				ENABLE_NS_ASSERTIONS = NO;
				ENABLE_STRICT_OBJC_MSGSEND = YES;
				GCC_C_LANGUAGE_STANDARD = gnu11;
				GCC_NO_COMMON_BLOCKS = YES;
				GCC_WARN_64_TO_32_BIT_CONVERSION = YES;
				GCC_WARN_ABOUT_RETURN_TYPE = YES_ERROR;
				GCC_WARN_UNDECLARED_SELECTOR = YES;
				GCC_WARN_UNINITIALIZED_AUTOS = YES_AGGRESSIVE;
				GCC_WARN_UNUSED_FUNCTION = YES;
				GCC_WARN_UNUSED_VARIABLE = YES;
				IPHONEOS_DEPLOYMENT_TARGET = 11.2;
				MTL_ENABLE_DEBUG_INFO = NO;
				SDKROOT = iphoneos;
				VALIDATE_PRODUCT = YES;
			};
			name = Release;
		};
		428D6A482248C3B300B3BF44 /* Debug */ = {
			isa = XCBuildConfiguration;
			baseConfigurationReference = 67B38CF802A3E30188118247 /* Pods-CQAlertView.debug.xcconfig */;
			buildSettings = {
				ASSETCATALOG_COMPILER_APPICON_NAME = AppIcon;
				CODE_SIGN_STYLE = Automatic;
				DEVELOPMENT_TEAM = T4VQJ8832B;
				INFOPLIST_FILE = CQAlertView/Info.plist;
				LD_RUNPATH_SEARCH_PATHS = "$(inherited) @executable_path/Frameworks";
				PRODUCT_BUNDLE_IDENTIFIER = com.appDev.protocol.CQAlertView;
				PRODUCT_NAME = "$(TARGET_NAME)";
				TARGETED_DEVICE_FAMILY = "1,2";
			};
			name = Debug;
		};
		428D6A492248C3B300B3BF44 /* Release */ = {
			isa = XCBuildConfiguration;
			baseConfigurationReference = EC69F44CCBCFC4C3A64DB2ED /* Pods-CQAlertView.release.xcconfig */;
			buildSettings = {
				ASSETCATALOG_COMPILER_APPICON_NAME = AppIcon;
				CODE_SIGN_STYLE = Automatic;
				DEVELOPMENT_TEAM = T4VQJ8832B;
				INFOPLIST_FILE = CQAlertView/Info.plist;
				LD_RUNPATH_SEARCH_PATHS = "$(inherited) @executable_path/Frameworks";
				PRODUCT_BUNDLE_IDENTIFIER = com.appDev.protocol.CQAlertView;
				PRODUCT_NAME = "$(TARGET_NAME)";
				TARGETED_DEVICE_FAMILY = "1,2";
			};
			name = Release;
		};
/* End XCBuildConfiguration section */

/* Begin XCConfigurationList section */
		428D6A2C2248C3B300B3BF44 /* Build configuration list for PBXProject "CQAlertView" */ = {
			isa = XCConfigurationList;
			buildConfigurations = (
				428D6A452248C3B300B3BF44 /* Debug */,
				428D6A462248C3B300B3BF44 /* Release */,
			);
			defaultConfigurationIsVisible = 0;
			defaultConfigurationName = Release;
		};
		428D6A472248C3B300B3BF44 /* Build configuration list for PBXNativeTarget "CQAlertView" */ = {
			isa = XCConfigurationList;
			buildConfigurations = (
				428D6A482248C3B300B3BF44 /* Debug */,
				428D6A492248C3B300B3BF44 /* Release */,
			);
			defaultConfigurationIsVisible = 0;
			defaultConfigurationName = Release;
		};
/* End XCConfigurationList section */
	};
	rootObject = 428D6A292248C3B300B3BF44 /* Project object */;
}
